# THIS IS AN AUTOGENERATED FILE. DO NOT EDIT THIS FILE DIRECTLY.
# yarn lockfile v1


"@cspotcode/source-map-support@^0.8.0":
  version "0.8.1"
  dependencies:
    "@jridgewell/trace-mapping" "0.3.9"

"@ethersproject/abi@^5.7.0", "@ethersproject/abi@5.7.0":
  version "5.7.0"
  dependencies:
    "@ethersproject/address" "^5.7.0"
    "@ethersproject/bignumber" "^5.7.0"
    "@ethersproject/bytes" "^5.7.0"
    "@ethersproject/constants" "^5.7.0"
    "@ethersproject/hash" "^5.7.0"
    "@ethersproject/keccak256" "^5.7.0"
    "@ethersproject/logger" "^5.7.0"
    "@ethersproject/properties" "^5.7.0"
    "@ethersproject/strings" "^5.7.0"

"@ethersproject/abstract-provider@^5.7.0", "@ethersproject/abstract-provider@5.7.0":
  version "5.7.0"
  dependencies:
    "@ethersproject/bignumber" "^5.7.0"
    "@ethersproject/bytes" "^5.7.0"
    "@ethersproject/logger" "^5.7.0"
    "@ethersproject/networks" "^5.7.0"
    "@ethersproject/properties" "^5.7.0"
    "@ethersproject/transactions" "^5.7.0"
    "@ethersproject/web" "^5.7.0"

"@ethersproject/abstract-signer@^5.7.0", "@ethersproject/abstract-signer@5.7.0":
  version "5.7.0"
  dependencies:
    "@ethersproject/abstract-provider" "^5.7.0"
    "@ethersproject/bignumber" "^5.7.0"
    "@ethersproject/bytes" "^5.7.0"
    "@ethersproject/logger" "^5.7.0"
    "@ethersproject/properties" "^5.7.0"

"@ethersproject/address@^5.7.0", "@ethersproject/address@5.7.0":
  version "5.7.0"
  dependencies:
    "@ethersproject/bignumber" "^5.7.0"
    "@ethersproject/bytes" "^5.7.0"
    "@ethersproject/keccak256" "^5.7.0"
    "@ethersproject/logger" "^5.7.0"
    "@ethersproject/rlp" "^5.7.0"

"@ethersproject/base64@^5.7.0", "@ethersproject/base64@5.7.0":
  version "5.7.0"
  dependencies:
    "@ethersproject/bytes" "^5.7.0"

"@ethersproject/basex@^5.7.0", "@ethersproject/basex@5.7.0":
  version "5.7.0"
  dependencies:
    "@ethersproject/bytes" "^5.7.0"
    "@ethersproject/properties" "^5.7.0"

"@ethersproject/bignumber@^5.7.0", "@ethersproject/bignumber@5.7.0":
  version "5.7.0"
  dependencies:
    "@ethersproject/bytes" "^5.7.0"
    "@ethersproject/logger" "^5.7.0"
    bn.js "^5.2.1"

"@ethersproject/bytes@^5.7.0", "@ethersproject/bytes@5.7.0":
  version "5.7.0"
  dependencies:
    "@ethersproject/logger" "^5.7.0"

"@ethersproject/constants@^5.7.0", "@ethersproject/constants@5.7.0":
  version "5.7.0"
  dependencies:
    "@ethersproject/bignumber" "^5.7.0"

"@ethersproject/contracts@5.7.0":
  version "5.7.0"
  dependencies:
    "@ethersproject/abi" "^5.7.0"
    "@ethersproject/abstract-provider" "^5.7.0"
    "@ethersproject/abstract-signer" "^5.7.0"
    "@ethersproject/address" "^5.7.0"
    "@ethersproject/bignumber" "^5.7.0"
    "@ethersproject/bytes" "^5.7.0"
    "@ethersproject/constants" "^5.7.0"
    "@ethersproject/logger" "^5.7.0"
    "@ethersproject/properties" "^5.7.0"
    "@ethersproject/transactions" "^5.7.0"

"@ethersproject/hash@^5.7.0", "@ethersproject/hash@5.7.0":
  version "5.7.0"
  dependencies:
    "@ethersproject/abstract-signer" "^5.7.0"
    "@ethersproject/address" "^5.7.0"
    "@ethersproject/base64" "^5.7.0"
    "@ethersproject/bignumber" "^5.7.0"
    "@ethersproject/bytes" "^5.7.0"
    "@ethersproject/keccak256" "^5.7.0"
    "@ethersproject/logger" "^5.7.0"
    "@ethersproject/properties" "^5.7.0"
    "@ethersproject/strings" "^5.7.0"

"@ethersproject/hdnode@^5.7.0", "@ethersproject/hdnode@5.7.0":
  version "5.7.0"
  dependencies:
    "@ethersproject/abstract-signer" "^5.7.0"
    "@ethersproject/basex" "^5.7.0"
    "@ethersproject/bignumber" "^5.7.0"
    "@ethersproject/bytes" "^5.7.0"
    "@ethersproject/logger" "^5.7.0"
    "@ethersproject/pbkdf2" "^5.7.0"
    "@ethersproject/properties" "^5.7.0"
    "@ethersproject/sha2" "^5.7.0"
    "@ethersproject/signing-key" "^5.7.0"
    "@ethersproject/strings" "^5.7.0"
    "@ethersproject/transactions" "^5.7.0"
    "@ethersproject/wordlists" "^5.7.0"

"@ethersproject/json-wallets@^5.7.0", "@ethersproject/json-wallets@5.7.0":
  version "5.7.0"
  dependencies:
    "@ethersproject/abstract-signer" "^5.7.0"
    "@ethersproject/address" "^5.7.0"
    "@ethersproject/bytes" "^5.7.0"
    "@ethersproject/hdnode" "^5.7.0"
    "@ethersproject/keccak256" "^5.7.0"
    "@ethersproject/logger" "^5.7.0"
    "@ethersproject/pbkdf2" "^5.7.0"
    "@ethersproject/properties" "^5.7.0"
    "@ethersproject/random" "^5.7.0"
    "@ethersproject/strings" "^5.7.0"
    "@ethersproject/transactions" "^5.7.0"
    aes-js "3.0.0"
    scrypt-js "3.0.1"

"@ethersproject/keccak256@^5.7.0", "@ethersproject/keccak256@5.7.0":
  version "5.7.0"
  dependencies:
    "@ethersproject/bytes" "^5.7.0"
    js-sha3 "0.8.0"

"@ethersproject/logger@^5.7.0", "@ethersproject/logger@5.7.0":
  version "5.7.0"

"@ethersproject/networks@^5.7.0", "@ethersproject/networks@5.7.1":
  version "5.7.1"
  dependencies:
    "@ethersproject/logger" "^5.7.0"

"@ethersproject/pbkdf2@^5.7.0", "@ethersproject/pbkdf2@5.7.0":
  version "5.7.0"
  dependencies:
    "@ethersproject/bytes" "^5.7.0"
    "@ethersproject/sha2" "^5.7.0"

"@ethersproject/properties@^5.7.0", "@ethersproject/properties@5.7.0":
  version "5.7.0"
  dependencies:
    "@ethersproject/logger" "^5.7.0"

"@ethersproject/providers@5.7.2":
  version "5.7.2"
  dependencies:
    "@ethersproject/abstract-provider" "^5.7.0"
    "@ethersproject/abstract-signer" "^5.7.0"
    "@ethersproject/address" "^5.7.0"
    "@ethersproject/base64" "^5.7.0"
    "@ethersproject/basex" "^5.7.0"
    "@ethersproject/bignumber" "^5.7.0"
    "@ethersproject/bytes" "^5.7.0"
    "@ethersproject/constants" "^5.7.0"
    "@ethersproject/hash" "^5.7.0"
    "@ethersproject/logger" "^5.7.0"
    "@ethersproject/networks" "^5.7.0"
    "@ethersproject/properties" "^5.7.0"
    "@ethersproject/random" "^5.7.0"
    "@ethersproject/rlp" "^5.7.0"
    "@ethersproject/sha2" "^5.7.0"
    "@ethersproject/strings" "^5.7.0"
    "@ethersproject/transactions" "^5.7.0"
    "@ethersproject/web" "^5.7.0"
    bech32 "1.1.4"
    ws "7.4.6"

"@ethersproject/random@^5.7.0", "@ethersproject/random@5.7.0":
  version "5.7.0"
  dependencies:
    "@ethersproject/bytes" "^5.7.0"
    "@ethersproject/logger" "^5.7.0"

"@ethersproject/rlp@^5.7.0", "@ethersproject/rlp@5.7.0":
  version "5.7.0"
  dependencies:
    "@ethersproject/bytes" "^5.7.0"
    "@ethersproject/logger" "^5.7.0"

"@ethersproject/sha2@^5.7.0", "@ethersproject/sha2@5.7.0":
  version "5.7.0"
  dependencies:
    "@ethersproject/bytes" "^5.7.0"
    "@ethersproject/logger" "^5.7.0"
    hash.js "1.1.7"

"@ethersproject/signing-key@^5.7.0", "@ethersproject/signing-key@5.7.0":
  version "5.7.0"
  dependencies:
    "@ethersproject/bytes" "^5.7.0"
    "@ethersproject/logger" "^5.7.0"
    "@ethersproject/properties" "^5.7.0"
    bn.js "^5.2.1"
    elliptic "6.5.4"
    hash.js "1.1.7"

"@ethersproject/solidity@5.7.0":
  version "5.7.0"
  dependencies:
    "@ethersproject/bignumber" "^5.7.0"
    "@ethersproject/bytes" "^5.7.0"
    "@ethersproject/keccak256" "^5.7.0"
    "@ethersproject/logger" "^5.7.0"
    "@ethersproject/sha2" "^5.7.0"
    "@ethersproject/strings" "^5.7.0"

"@ethersproject/strings@^5.7.0", "@ethersproject/strings@5.7.0":
  version "5.7.0"
  dependencies:
    "@ethersproject/bytes" "^5.7.0"
    "@ethersproject/constants" "^5.7.0"
    "@ethersproject/logger" "^5.7.0"

"@ethersproject/transactions@^5.7.0", "@ethersproject/transactions@5.7.0":
  version "5.7.0"
  dependencies:
    "@ethersproject/address" "^5.7.0"
    "@ethersproject/bignumber" "^5.7.0"
    "@ethersproject/bytes" "^5.7.0"
    "@ethersproject/constants" "^5.7.0"
    "@ethersproject/keccak256" "^5.7.0"
    "@ethersproject/logger" "^5.7.0"
    "@ethersproject/properties" "^5.7.0"
    "@ethersproject/rlp" "^5.7.0"
    "@ethersproject/signing-key" "^5.7.0"

"@ethersproject/units@5.7.0":
  version "5.7.0"
  dependencies:
    "@ethersproject/bignumber" "^5.7.0"
    "@ethersproject/constants" "^5.7.0"
    "@ethersproject/logger" "^5.7.0"

"@ethersproject/wallet@5.7.0":
  version "5.7.0"
  dependencies:
    "@ethersproject/abstract-provider" "^5.7.0"
    "@ethersproject/abstract-signer" "^5.7.0"
    "@ethersproject/address" "^5.7.0"
    "@ethersproject/bignumber" "^5.7.0"
    "@ethersproject/bytes" "^5.7.0"
    "@ethersproject/hash" "^5.7.0"
    "@ethersproject/hdnode" "^5.7.0"
    "@ethersproject/json-wallets" "^5.7.0"
    "@ethersproject/keccak256" "^5.7.0"
    "@ethersproject/logger" "^5.7.0"
    "@ethersproject/properties" "^5.7.0"
    "@ethersproject/random" "^5.7.0"
    "@ethersproject/signing-key" "^5.7.0"
    "@ethersproject/transactions" "^5.7.0"
    "@ethersproject/wordlists" "^5.7.0"

"@ethersproject/web@^5.7.0", "@ethersproject/web@5.7.1":
  version "5.7.1"
  dependencies:
    "@ethersproject/base64" "^5.7.0"
    "@ethersproject/bytes" "^5.7.0"
    "@ethersproject/logger" "^5.7.0"
    "@ethersproject/properties" "^5.7.0"
    "@ethersproject/strings" "^5.7.0"

"@ethersproject/wordlists@^5.7.0", "@ethersproject/wordlists@5.7.0":
  version "5.7.0"
  dependencies:
    "@ethersproject/bytes" "^5.7.0"
    "@ethersproject/hash" "^5.7.0"
    "@ethersproject/logger" "^5.7.0"
    "@ethersproject/properties" "^5.7.0"
    "@ethersproject/strings" "^5.7.0"

"@iden3/bigarray@0.0.2":
  version "0.0.2"

"@iden3/binfileutils@0.0.11":
  version "0.0.11"
  dependencies:
    fastfile "0.0.20"
    ffjavascript "^0.2.48"

"@iden3/binfileutils@0.0.12":
  version "0.0.12"
  dependencies:
    fastfile "0.0.20"
    ffjavascript "^0.3.0"

"@jridgewell/resolve-uri@^3.0.3":
  version "3.1.2"

"@jridgewell/sourcemap-codec@^1.4.10":
  version "1.5.0"

"@jridgewell/trace-mapping@0.3.9":
  version "0.3.9"
  dependencies:
    "@jridgewell/resolve-uri" "^3.0.3"
    "@jridgewell/sourcemap-codec" "^1.4.10"

"@openzeppelin/contracts@^5.1.0":
  version "5.1.0"
  resolved "https://registry.npmjs.org/@openzeppelin/contracts/-/contracts-5.1.0.tgz"
  integrity sha512-p1ULhl7BXzjjbha5aqst+QMLY+4/LCWADXOCsmLHRM77AqiPjnd9vvUN9sosUfhL9JGKpZ0TjEGxgvnizmWGSA==

"@tsconfig/node10@^1.0.7":
  version "1.0.11"

"@tsconfig/node12@^1.0.7":
  version "1.0.11"

"@tsconfig/node14@^1.0.0":
  version "1.0.3"

"@tsconfig/node16@^1.0.2":
  version "1.0.4"

"@types/circomlibjs@^0.1.6":
  version "0.1.6"
  resolved "https://registry.npmjs.org/@types/circomlibjs/-/circomlibjs-0.1.6.tgz"
  integrity sha512-yF174bPDaiKgejlZzCSqKwZaqXhlxMcVEHrAtstFohwP05OjtvHXOdxO6HQeTg8WwIdgMg7MJb1WyWZdUCGlPQ==

"@types/node-rsa@^1.1.4":
  version "1.1.4"
  dependencies:
    "@types/node" "*"

"@types/node@*", "@types/node@^22.10.2":
  version "22.10.2"
  dependencies:
    undici-types "~6.20.0"

"@zk-email/circuits@^6.3.2":
  version "6.3.2"
  dependencies:
    "@zk-email/zk-regex-circom" "^2.3.1"
    circomlib "^2.0.5"

"@zk-email/helpers@^6.3.2":
  version "6.3.2"
  dependencies:
    addressparser "^1.0.1"
    atob "^2.1.2"
    circomlibjs "^0.1.7"
    libmime "^5.2.1"
    localforage "^1.10.0"
    node-forge "^1.3.1"
    pako "^2.1.0"
    psl "^1.9.0"
    snarkjs "https://github.com/sampritipanda/snarkjs.git#fef81fc51d17a734637555c6edbd585ecda02d9e"

"@zk-email/zk-regex-circom@^2.3.1":
  version "2.3.2"
  dependencies:
    commander "^11.0.0"
    snarkjs "^0.7.5"

acorn-walk@^8.1.1:
  version "8.3.4"
  dependencies:
    acorn "^8.11.0"

acorn@^8.11.0, acorn@^8.4.1:
  version "8.14.0"

addressparser@^1.0.1:
  version "1.0.1"

aes-js@3.0.0:
  version "3.0.0"

ansi-styles@^4.1.0:
  version "4.3.0"
  dependencies:
    color-convert "^2.0.1"

arg@^4.1.0:
  version "4.1.3"

asn1@^0.2.4:
  version "0.2.6"
  dependencies:
    safer-buffer "~2.1.0"

async@^3.2.3:
  version "3.2.6"

atob@^2.1.2:
  version "2.1.2"

b4a@^1.0.1:
  version "1.6.7"

balanced-match@^1.0.0:
  version "1.0.2"

bech32@1.1.4:
  version "1.1.4"

bfj@^7.0.2:
  version "7.1.0"
  dependencies:
    bluebird "^3.7.2"
    check-types "^11.2.3"
    hoopy "^0.1.4"
    jsonpath "^1.1.1"
    tryer "^1.0.1"

blake-hash@^2.0.0:
  version "2.0.0"
  dependencies:
    node-addon-api "^3.0.0"
    node-gyp-build "^4.2.2"
    readable-stream "^3.6.0"

blake2b-wasm@^2.4.0:
  version "2.4.0"
  dependencies:
    b4a "^1.0.1"
    nanoassert "^2.0.0"

blake2b@^2.1.3:
  version "2.1.4"
  dependencies:
    blake2b-wasm "^2.4.0"
    nanoassert "^2.0.0"

bluebird@^3.7.2:
  version "3.7.2"

bn.js@^4.11.9:
  version "4.12.1"

bn.js@^5.2.1:
  version "5.2.1"

brace-expansion@^1.1.7:
  version "1.1.11"
  dependencies:
    balanced-match "^1.0.0"
    concat-map "0.0.1"

brace-expansion@^2.0.1:
  version "2.0.1"
  dependencies:
    balanced-match "^1.0.0"

brorand@^1.1.0:
  version "1.1.0"

chalk@^4.0.2:
  version "4.1.2"
  dependencies:
    ansi-styles "^4.1.0"
    supports-color "^7.1.0"

check-types@^11.2.3:
  version "11.2.3"

circom_runtime@0.1.21:
  version "0.1.21"
  dependencies:
    ffjavascript "0.2.56"

circom_runtime@0.1.28:
  version "0.1.28"
  dependencies:
    ffjavascript "0.3.1"

circomlib@^2.0.5:
  version "2.0.5"
  resolved "https://registry.npmjs.org/circomlib/-/circomlib-2.0.5.tgz"
  integrity sha512-O7NQ8OS+J4eshBuoy36z/TwQU0YHw8W3zxZcs4hVwpEll3e4hDm3mgkIPqItN8FDeLEKZFK3YeT/+k8TiLF3/A==

circomlibjs@^0.1.7:
  version "0.1.7"
  resolved "https://registry.npmjs.org/circomlibjs/-/circomlibjs-0.1.7.tgz"
  integrity sha512-GRAUoAlKAsiiTa+PA725G9RmEmJJRc8tRFxw/zKktUxlQISGznT4hH4ESvW8FNTsrGg/nNd06sGP/Wlx0LUHVg==
  dependencies:
    blake-hash "^2.0.0"
    blake2b "^2.1.3"
    ethers "^5.5.1"
    ffjavascript "^0.2.45"

"circuits@file:/Users/stratos/zkWhistle/circuits":
  version "1.0.0"
  resolved "file:circuits"
  dependencies:
    "@zk-email/circuits" "^6.3.2"
    circomlib "^2.0.5"

color-convert@^2.0.1:
  version "2.0.1"
  dependencies:
    color-name "~1.1.4"

color-name@~1.1.4:
  version "1.1.4"

commander@^11.0.0:
  version "11.1.0"

concat-map@0.0.1:
  version "0.0.1"

create-require@^1.1.0:
  version "1.1.1"

deep-is@~0.1.3:
  version "0.1.4"

diff@^4.0.1:
  version "4.0.2"

ejs@^3.1.6:
  version "3.1.10"
  dependencies:
    jake "^10.8.5"

elliptic@6.5.4:
  version "6.5.4"
  dependencies:
    bn.js "^4.11.9"
    brorand "^1.1.0"
    hash.js "^1.0.0"
    hmac-drbg "^1.0.1"
    inherits "^2.0.4"
    minimalistic-assert "^1.0.1"
    minimalistic-crypto-utils "^1.0.1"

encoding-japanese@2.2.0:
  version "2.2.0"

escodegen@^1.8.1:
  version "1.14.3"
  dependencies:
    esprima "^4.0.1"
    estraverse "^4.2.0"
    esutils "^2.0.2"
    optionator "^0.8.1"
  optionalDependencies:
    source-map "~0.6.1"

esprima@^4.0.1:
  version "4.0.1"

esprima@1.2.2:
  version "1.2.2"

estraverse@^4.2.0:
  version "4.3.0"

esutils@^2.0.2:
  version "2.0.3"

ethers@^5.5.1:
  version "5.7.2"
  dependencies:
    "@ethersproject/abi" "5.7.0"
    "@ethersproject/abstract-provider" "5.7.0"
    "@ethersproject/abstract-signer" "5.7.0"
    "@ethersproject/address" "5.7.0"
    "@ethersproject/base64" "5.7.0"
    "@ethersproject/basex" "5.7.0"
    "@ethersproject/bignumber" "5.7.0"
    "@ethersproject/bytes" "5.7.0"
    "@ethersproject/constants" "5.7.0"
    "@ethersproject/contracts" "5.7.0"
    "@ethersproject/hash" "5.7.0"
    "@ethersproject/hdnode" "5.7.0"
    "@ethersproject/json-wallets" "5.7.0"
    "@ethersproject/keccak256" "5.7.0"
    "@ethersproject/logger" "5.7.0"
    "@ethersproject/networks" "5.7.1"
    "@ethersproject/pbkdf2" "5.7.0"
    "@ethersproject/properties" "5.7.0"
    "@ethersproject/providers" "5.7.2"
    "@ethersproject/random" "5.7.0"
    "@ethersproject/rlp" "5.7.0"
    "@ethersproject/sha2" "5.7.0"
    "@ethersproject/signing-key" "5.7.0"
    "@ethersproject/solidity" "5.7.0"
    "@ethersproject/strings" "5.7.0"
    "@ethersproject/transactions" "5.7.0"
    "@ethersproject/units" "5.7.0"
    "@ethersproject/wallet" "5.7.0"
    "@ethersproject/web" "5.7.1"
    "@ethersproject/wordlists" "5.7.0"

fast-levenshtein@~2.0.6:
  version "2.0.6"

fastfile@0.0.20:
  version "0.0.20"

ffjavascript@^0.2.45:
  version "0.2.63"
  dependencies:
    wasmbuilder "0.0.16"
    wasmcurves "0.2.2"
    web-worker "1.2.0"

ffjavascript@^0.2.48:
  version "0.2.63"
  dependencies:
    wasmbuilder "0.0.16"
    wasmcurves "0.2.2"
    web-worker "1.2.0"

ffjavascript@^0.3.0, ffjavascript@0.3.1:
  version "0.3.1"
  dependencies:
    wasmbuilder "0.0.16"
    wasmcurves "0.2.2"
    web-worker "1.2.0"

ffjavascript@0.2.56:
  version "0.2.56"
  dependencies:
    wasmbuilder "0.0.16"
    wasmcurves "0.2.0"
    web-worker "^1.2.0"

ffjavascript@0.3.0:
  version "0.3.0"
  dependencies:
    wasmbuilder "0.0.16"
    wasmcurves "0.2.2"
    web-worker "1.2.0"

filelist@^1.0.4:
  version "1.0.4"
  dependencies:
    minimatch "^5.0.1"

has-flag@^4.0.0:
  version "4.0.0"

hash.js@^1.0.0, hash.js@^1.0.3, hash.js@1.1.7:
  version "1.1.7"
  dependencies:
    inherits "^2.0.3"
    minimalistic-assert "^1.0.1"

hmac-drbg@^1.0.1:
  version "1.0.1"
  dependencies:
    hash.js "^1.0.3"
    minimalistic-assert "^1.0.0"
    minimalistic-crypto-utils "^1.0.1"

hoopy@^0.1.4:
  version "0.1.4"

iconv-lite@0.6.3:
  version "0.6.3"
  dependencies:
    safer-buffer ">= 2.1.2 < 3.0.0"

immediate@~3.0.5:
  version "3.0.6"

inherits@^2.0.3, inherits@^2.0.4:
  version "2.0.4"

jake@^10.8.5:
  version "10.9.2"
  dependencies:
    async "^3.2.3"
    chalk "^4.0.2"
    filelist "^1.0.4"
    minimatch "^3.1.2"

js-sha3@^0.8.0, js-sha3@0.8.0:
  version "0.8.0"

jsonpath@^1.1.1:
  version "1.1.1"
  dependencies:
    esprima "1.2.2"
    static-eval "2.0.2"
    underscore "1.12.1"

levn@~0.3.0:
  version "0.3.0"
  dependencies:
    prelude-ls "~1.1.2"
    type-check "~0.3.2"

libbase64@1.3.0:
  version "1.3.0"

libmime@^5.2.1:
  version "5.3.6"
  dependencies:
    encoding-japanese "2.2.0"
    iconv-lite "0.6.3"
    libbase64 "1.3.0"
    libqp "2.1.1"

libqp@2.1.1:
  version "2.1.1"

lie@3.1.1:
  version "3.1.1"
  dependencies:
    immediate "~3.0.5"

localforage@^1.10.0:
  version "1.10.0"
  dependencies:
    lie "3.1.1"

logplease@^1.2.15:
  version "1.2.15"

make-error@^1.1.1:
  version "1.3.6"

minimalistic-assert@^1.0.0, minimalistic-assert@^1.0.1:
  version "1.0.1"

minimalistic-crypto-utils@^1.0.1:
  version "1.0.1"

minimatch@^3.1.2:
  version "3.1.2"
  dependencies:
    brace-expansion "^1.1.7"

minimatch@^5.0.1:
  version "5.1.6"
  dependencies:
    brace-expansion "^2.0.1"

nanoassert@^2.0.0:
  version "2.0.0"

node-addon-api@^3.0.0:
  version "3.2.1"

node-forge@^1.3.1:
  version "1.3.1"

node-gyp-build@^4.2.2:
  version "4.8.4"

node-rsa@^1.1.1:
  version "1.1.1"
  dependencies:
    asn1 "^0.2.4"

optionator@^0.8.1:
  version "0.8.3"
  dependencies:
    deep-is "~0.1.3"
    fast-levenshtein "~2.0.6"
    levn "~0.3.0"
    prelude-ls "~1.1.2"
    type-check "~0.3.2"
    word-wrap "~1.2.3"

pako@^2.1.0:
  version "2.1.0"

prelude-ls@~1.1.2:
  version "1.1.2"

psl@^1.9.0:
  version "1.15.0"
  dependencies:
    punycode "^2.3.1"

punycode@^2.3.1:
  version "2.3.1"

r1csfile@0.0.41:
  version "0.0.41"
  dependencies:
    "@iden3/bigarray" "0.0.2"
    "@iden3/binfileutils" "0.0.11"
    fastfile "0.0.20"
    ffjavascript "0.2.56"

r1csfile@0.0.48:
  version "0.0.48"
  dependencies:
    "@iden3/bigarray" "0.0.2"
    "@iden3/binfileutils" "0.0.12"
    fastfile "0.0.20"
    ffjavascript "0.3.0"

readable-stream@^3.6.0:
  version "3.6.2"
  dependencies:
    inherits "^2.0.3"
    string_decoder "^1.1.1"
    util-deprecate "^1.0.1"

safe-buffer@~5.2.0:
  version "5.2.1"

"safer-buffer@>= 2.1.2 < 3.0.0", safer-buffer@~2.1.0:
  version "2.1.2"

scrypt-js@3.0.1:
  version "3.0.1"

snarkjs@^0.7.5:
  version "0.7.5"
  dependencies:
    "@iden3/binfileutils" "0.0.12"
    bfj "^7.0.2"
    blake2b-wasm "^2.4.0"
    circom_runtime "0.1.28"
    ejs "^3.1.6"
    fastfile "0.0.20"
    ffjavascript "0.3.1"
    js-sha3 "^0.8.0"
    logplease "^1.2.15"
    r1csfile "0.0.48"

"snarkjs@https://github.com/sampritipanda/snarkjs.git#fef81fc51d17a734637555c6edbd585ecda02d9e":
  version "0.5.0"
  resolved "git+ssh://git@github.com/sampritipanda/snarkjs.git#fef81fc51d17a734637555c6edbd585ecda02d9e"
  integrity sha512-3yEIM1XU1PvAZxpiF7jyVyardTdfvT7yVwkJ9XFiX2vO9deO4yTQSrkSD8r3FMjbL1L3+bk6YfIjhiMoD6i48g==
  dependencies:
    "@iden3/binfileutils" "0.0.11"
    bfj "^7.0.2"
    blake2b-wasm "^2.4.0"
    circom_runtime "0.1.21"
    ejs "^3.1.6"
    fastfile "0.0.20"
    ffjavascript "0.2.56"
    js-sha3 "^0.8.0"
    localforage "^1.10.0"
    logplease "^1.2.15"
    r1csfile "0.0.41"

source-map@~0.6.1:
  version "0.6.1"

static-eval@2.0.2:
  version "2.0.2"
  dependencies:
    escodegen "^1.8.1"

string_decoder@^1.1.1:
  version "1.3.0"
  dependencies:
    safe-buffer "~5.2.0"

supports-color@^7.1.0:
  version "7.2.0"
  dependencies:
    has-flag "^4.0.0"

tryer@^1.0.1:
  version "1.0.1"

ts-node@^10.9.2:
  version "10.9.2"
  dependencies:
    "@cspotcode/source-map-support" "^0.8.0"
    "@tsconfig/node10" "^1.0.7"
    "@tsconfig/node12" "^1.0.7"
    "@tsconfig/node14" "^1.0.0"
    "@tsconfig/node16" "^1.0.2"
    acorn "^8.4.1"
    acorn-walk "^8.1.1"
    arg "^4.1.0"
    create-require "^1.1.0"
    diff "^4.0.1"
    make-error "^1.1.1"
    v8-compile-cache-lib "^3.0.1"
    yn "3.1.1"

type-check@~0.3.2:
  version "0.3.2"
  dependencies:
    prelude-ls "~1.1.2"

typescript@^5.7.2, typescript@>=2.7:
  version "5.7.2"

underscore@1.12.1:
  version "1.12.1"

undici-types@~6.20.0:
  version "6.20.0"

util-deprecate@^1.0.1:
  version "1.0.2"

v8-compile-cache-lib@^3.0.1:
  version "3.0.1"

wasmbuilder@0.0.16:
  version "0.0.16"

wasmcurves@0.2.0:
  version "0.2.0"
  dependencies:
    wasmbuilder "0.0.16"

wasmcurves@0.2.2:
  version "0.2.2"
  dependencies:
    wasmbuilder "0.0.16"

web-worker@^1.2.0:
  version "1.3.0"

web-worker@1.2.0:
  version "1.2.0"

word-wrap@~1.2.3:
  version "1.2.5"

ws@7.4.6:
  version "7.4.6"

yn@3.1.1:
  version "3.1.1"
